
Microsoft Visual Studio Solution File, Format Version 12.00
# Visual Studio Version 18
VisualStudioVersion = 18.3.11123.18
MinimumVisualStudioVersion = 10.0.40219.1
Project("{F184B08F-C81C-45F6-A57F-5ABD9991F28F}") = "FacGeneric", "FAC_Generic\FacGeneric.vbproj", "{F0F37798-9498-4B3B-B00D-44DC1AED8D8B}"
EndProject
Project("{F184B08F-C81C-45F6-A57F-5ABD9991F28F}") = "Fac_Functions", "FacFunctions\Fac_Functions.vbproj", "{7350739F-7CD6-4303-819F-3A43624871CD}"
EndProject
Project("{F184B08F-C81C-45F6-A57F-5ABD9991F28F}") = "Fac_Data", "FacessoData\Fac_Data.vbproj", "{BDC5E376-68EA-4028-9322-00F1D78C697A}"
EndProject
Project("{F184B08F-C81C-45F6-A57F-5ABD9991F28F}") = "FacInterfaces", "FacInterfaces\FacInterfaces.vbproj", "{2D9139D8-9C5F-405D-B26F-94903E073D1B}"
EndProject
Project("{F184B08F-C81C-45F6-A57F-5ABD9991F28F}") = "ADDataTypes", "ADDataTypes\ADDataTypes.vbproj", "{34ED87B7-58D7-4F66-B405-60D652F2A359}"
EndProject
Project("{F184B08F-C81C-45F6-A57F-5ABD9991F28F}") = "ADInfoItem", "ADInfoItem\ADInfoItem.vbproj", "{5255F65B-E795-4F03-AA18-DEBD3CA167F0}"
EndProject
Project("{F184B08F-C81C-45F6-A57F-5ABD9991F28F}") = "ADLicenceManager", "ADLicenceManager\ADLicenceManager.vbproj", "{7C35D102-DB13-4054-9AA3-5BF4DD5487FF}"
EndProject
Project("{FAE04EC0-301F-11D3-BF4B-00C04F79EFBC}") = "ADSimplePrintDocument", "ADSimplePrintDocument\ADSimplePrintDocument.csproj", "{53BA3350-154C-4980-B890-BF2F76A0CE14}"
EndProject
Project("{F184B08F-C81C-45F6-A57F-5ABD9991F28F}") = "ADSqlSupportComponents", "ADSqlSupportComponents\ADSqlSupportComponents.vbproj", "{C356450B-940A-4AE0-8FF3-51C57EEF52C4}"
EndProject
Project("{F184B08F-C81C-45F6-A57F-5ABD9991F28F}") = "ADSundries", "ADSundries\ADSundries.vbproj", "{F0C0E701-A9CA-45D6-BEFF-B36CAEE4F14D}"
EndProject
Project("{F184B08F-C81C-45F6-A57F-5ABD9991F28F}") = "Fac_GenericControls", "FacGenericControls\Fac_GenericControls.vbproj", "{72C37631-FBE4-42F4-A796-678861B0F698}"
EndProject
Project("{F184B08F-C81C-45F6-A57F-5ABD9991F28F}") = "FacessoConfig", "FacessoConfig\FacessoConfig.vbproj", "{F1E2EA2D-050E-47D1-B687-6ABA20CBBF07}"
EndProject
Project("{F184B08F-C81C-45F6-A57F-5ABD9991F28F}") = "Fac_EntityModel", "Fac_EntityModel\Fac_EntityModel.vbproj", "{AF25A1A8-FA9A-4C50-AAB6-ABEEC9A9DB8B}"
EndProject
Project("{F184B08F-C81C-45F6-A57F-5ABD9991F28F}") = "Facesso", "Facesso\Facesso.vbproj", "{6D6D57AA-8D16-4B80-A32D-9D339A6B8093}"
	ProjectSection(ProjectDependencies) = postProject
		{53BA3350-154C-4980-B890-BF2F76A0CE14} = {53BA3350-154C-4980-B890-BF2F76A0CE14}
	EndProjectSection
EndProject
Project("{F184B08F-C81C-45F6-A57F-5ABD9991F28F}") = "ADNullableValueControls", "Controls\ADNullableValueControls.vbproj", "{4CB83868-C23F-4C99-91DB-91F40E2199A7}"
EndProject
Project("{F184B08F-C81C-45F6-A57F-5ABD9991F28F}") = "ActiveDevelop.SqlTools", "ActiveDevelop.SqlTools\ActiveDevelop.SqlTools.vbproj", "{796D84DA-6807-4B96-AF98-F8DCDB64353F}"
EndProject
Project("{F184B08F-C81C-45F6-A57F-5ABD9991F28F}") = "ADSerialGenerator", "FacessoSerialGenerator\ADSerialGenerator.vbproj", "{DCCBA6AC-2AB9-4FCB-87E6-7B9C4B610DD7}"
EndProject
Global
	GlobalSection(SolutionConfigurationPlatforms) = preSolution
		Debug|Any CPU = Debug|Any CPU
		Debug|Mixed Platforms = Debug|Mixed Platforms
		Debug|x64 = Debug|x64
		Debug|x86 = Debug|x86
		Release|Any CPU = Release|Any CPU
		Release|Mixed Platforms = Release|Mixed Platforms
		Release|x64 = Release|x64
		Release|x86 = Release|x86
	EndGlobalSection
	GlobalSection(ProjectConfigurationPlatforms) = postSolution
		{F0F37798-9498-4B3B-B00D-44DC1AED8D8B}.Debug|Any CPU.ActiveCfg = Debug|Any CPU
		{F0F37798-9498-4B3B-B00D-44DC1AED8D8B}.Debug|Any CPU.Build.0 = Debug|Any CPU
		{F0F37798-9498-4B3B-B00D-44DC1AED8D8B}.Debug|Mixed Platforms.ActiveCfg = Debug|Any CPU
		{F0F37798-9498-4B3B-B00D-44DC1AED8D8B}.Debug|Mixed Platforms.Build.0 = Debug|Any CPU
		{F0F37798-9498-4B3B-B00D-44DC1AED8D8B}.Debug|x64.ActiveCfg = Debug|x64
		{F0F37798-9498-4B3B-B00D-44DC1AED8D8B}.Debug|x64.Build.0 = Debug|x64
		{F0F37798-9498-4B3B-B00D-44DC1AED8D8B}.Debug|x86.ActiveCfg = Debug|x86
		{F0F37798-9498-4B3B-B00D-44DC1AED8D8B}.Debug|x86.Build.0 = Debug|x86
		{F0F37798-9498-4B3B-B00D-44DC1AED8D8B}.Release|Any CPU.ActiveCfg = Release|Any CPU
		{F0F37798-9498-4B3B-B00D-44DC1AED8D8B}.Release|Any CPU.Build.0 = Release|Any CPU
		{F0F37798-9498-4B3B-B00D-44DC1AED8D8B}.Release|Mixed Platforms.ActiveCfg = Release|Any CPU
		{F0F37798-9498-4B3B-B00D-44DC1AED8D8B}.Release|Mixed Platforms.Build.0 = Release|Any CPU
		{F0F37798-9498-4B3B-B00D-44DC1AED8D8B}.Release|x64.ActiveCfg = Release|x64
		{F0F37798-9498-4B3B-B00D-44DC1AED8D8B}.Release|x64.Build.0 = Release|x64
		{F0F37798-9498-4B3B-B00D-44DC1AED8D8B}.Release|x86.ActiveCfg = Release|x86
		{F0F37798-9498-4B3B-B00D-44DC1AED8D8B}.Release|x86.Build.0 = Release|x86
		{7350739F-7CD6-4303-819F-3A43624871CD}.Debug|Any CPU.ActiveCfg = Debug|Any CPU
		{7350739F-7CD6-4303-819F-3A43624871CD}.Debug|Any CPU.Build.0 = Debug|Any CPU
		{7350739F-7CD6-4303-819F-3A43624871CD}.Debug|Mixed Platforms.ActiveCfg = Debug|Any CPU
		{7350739F-7CD6-4303-819F-3A43624871CD}.Debug|Mixed Platforms.Build.0 = Debug|Any CPU
		{7350739F-7CD6-4303-819F-3A43624871CD}.Debug|x64.ActiveCfg = Debug|x64
		{7350739F-7CD6-4303-819F-3A43624871CD}.Debug|x64.Build.0 = Debug|x64
		{7350739F-7CD6-4303-819F-3A43624871CD}.Debug|x86.ActiveCfg = Debug|x86
		{7350739F-7CD6-4303-819F-3A43624871CD}.Debug|x86.Build.0 = Debug|x86
		{7350739F-7CD6-4303-819F-3A43624871CD}.Release|Any CPU.ActiveCfg = Release|Any CPU
		{7350739F-7CD6-4303-819F-3A43624871CD}.Release|Any CPU.Build.0 = Release|Any CPU
		{7350739F-7CD6-4303-819F-3A43624871CD}.Release|Mixed Platforms.ActiveCfg = Release|Any CPU
		{7350739F-7CD6-4303-819F-3A43624871CD}.Release|Mixed Platforms.Build.0 = Release|Any CPU
		{7350739F-7CD6-4303-819F-3A43624871CD}.Release|x64.ActiveCfg = Release|x64
		{7350739F-7CD6-4303-819F-3A43624871CD}.Release|x64.Build.0 = Release|x64
		{7350739F-7CD6-4303-819F-3A43624871CD}.Release|x86.ActiveCfg = Release|x86
		{7350739F-7CD6-4303-819F-3A43624871CD}.Release|x86.Build.0 = Release|x86
		{BDC5E376-68EA-4028-9322-00F1D78C697A}.Debug|Any CPU.ActiveCfg = Debug|Any CPU
		{BDC5E376-68EA-4028-9322-00F1D78C697A}.Debug|Any CPU.Build.0 = Debug|Any CPU
		{BDC5E376-68EA-4028-9322-00F1D78C697A}.Debug|Mixed Platforms.ActiveCfg = Debug|Any CPU
		{BDC5E376-68EA-4028-9322-00F1D78C697A}.Debug|Mixed Platforms.Build.0 = Debug|Any CPU
		{BDC5E376-68EA-4028-9322-00F1D78C697A}.Debug|x64.ActiveCfg = Debug|x64
		{BDC5E376-68EA-4028-9322-00F1D78C697A}.Debug|x64.Build.0 = Debug|x64
		{BDC5E376-68EA-4028-9322-00F1D78C697A}.Debug|x86.ActiveCfg = Debug|x86
		{BDC5E376-68EA-4028-9322-00F1D78C697A}.Debug|x86.Build.0 = Debug|x86
		{BDC5E376-68EA-4028-9322-00F1D78C697A}.Release|Any CPU.ActiveCfg = Release|Any CPU
		{BDC5E376-68EA-4028-9322-00F1D78C697A}.Release|Any CPU.Build.0 = Release|Any CPU
		{BDC5E376-68EA-4028-9322-00F1D78C697A}.Release|Mixed Platforms.ActiveCfg = Release|Any CPU
		{BDC5E376-68EA-4028-9322-00F1D78C697A}.Release|Mixed Platforms.Build.0 = Release|Any CPU
		{BDC5E376-68EA-4028-9322-00F1D78C697A}.Release|x64.ActiveCfg = Release|x64
		{BDC5E376-68EA-4028-9322-00F1D78C697A}.Release|x64.Build.0 = Release|x64
		{BDC5E376-68EA-4028-9322-00F1D78C697A}.Release|x86.ActiveCfg = Release|x86
		{BDC5E376-68EA-4028-9322-00F1D78C697A}.Release|x86.Build.0 = Release|x86
		{2D9139D8-9C5F-405D-B26F-94903E073D1B}.Debug|Any CPU.ActiveCfg = Debug|Any CPU
		{2D9139D8-9C5F-405D-B26F-94903E073D1B}.Debug|Any CPU.Build.0 = Debug|Any CPU
		{2D9139D8-9C5F-405D-B26F-94903E073D1B}.Debug|Mixed Platforms.ActiveCfg = Debug|Any CPU
		{2D9139D8-9C5F-405D-B26F-94903E073D1B}.Debug|Mixed Platforms.Build.0 = Debug|Any CPU
		{2D9139D8-9C5F-405D-B26F-94903E073D1B}.Debug|x64.ActiveCfg = Debug|x64
		{2D9139D8-9C5F-405D-B26F-94903E073D1B}.Debug|x64.Build.0 = Debug|x64
		{2D9139D8-9C5F-405D-B26F-94903E073D1B}.Debug|x86.ActiveCfg = Debug|x86
		{2D9139D8-9C5F-405D-B26F-94903E073D1B}.Debug|x86.Build.0 = Debug|x86
		{2D9139D8-9C5F-405D-B26F-94903E073D1B}.Release|Any CPU.ActiveCfg = Release|Any CPU
		{2D9139D8-9C5F-405D-B26F-94903E073D1B}.Release|Any CPU.Build.0 = Release|Any CPU
		{2D9139D8-9C5F-405D-B26F-94903E073D1B}.Release|Mixed Platforms.ActiveCfg = Release|Any CPU
		{2D9139D8-9C5F-405D-B26F-94903E073D1B}.Release|Mixed Platforms.Build.0 = Release|Any CPU
		{2D9139D8-9C5F-405D-B26F-94903E073D1B}.Release|x64.ActiveCfg = Release|x64
		{2D9139D8-9C5F-405D-B26F-94903E073D1B}.Release|x64.Build.0 = Release|x64
		{2D9139D8-9C5F-405D-B26F-94903E073D1B}.Release|x86.ActiveCfg = Release|x86
		{2D9139D8-9C5F-405D-B26F-94903E073D1B}.Release|x86.Build.0 = Release|x86
		{34ED87B7-58D7-4F66-B405-60D652F2A359}.Debug|Any CPU.ActiveCfg = Debug|Any CPU
		{34ED87B7-58D7-4F66-B405-60D652F2A359}.Debug|Any CPU.Build.0 = Debug|Any CPU
		{34ED87B7-58D7-4F66-B405-60D652F2A359}.Debug|Mixed Platforms.ActiveCfg = Debug|Any CPU
		{34ED87B7-58D7-4F66-B405-60D652F2A359}.Debug|Mixed Platforms.Build.0 = Debug|Any CPU
		{34ED87B7-58D7-4F66-B405-60D652F2A359}.Debug|x64.ActiveCfg = Debug|x64
		{34ED87B7-58D7-4F66-B405-60D652F2A359}.Debug|x64.Build.0 = Debug|x64
		{34ED87B7-58D7-4F66-B405-60D652F2A359}.Debug|x86.ActiveCfg = Debug|x86
		{34ED87B7-58D7-4F66-B405-60D652F2A359}.Debug|x86.Build.0 = Debug|x86
		{34ED87B7-58D7-4F66-B405-60D652F2A359}.Release|Any CPU.ActiveCfg = Release|Any CPU
		{34ED87B7-58D7-4F66-B405-60D652F2A359}.Release|Any CPU.Build.0 = Release|Any CPU
		{34ED87B7-58D7-4F66-B405-60D652F2A359}.Release|Mixed Platforms.ActiveCfg = Release|Any CPU
		{34ED87B7-58D7-4F66-B405-60D652F2A359}.Release|Mixed Platforms.Build.0 = Release|Any CPU
		{34ED87B7-58D7-4F66-B405-60D652F2A359}.Release|x64.ActiveCfg = Release|x64
		{34ED87B7-58D7-4F66-B405-60D652F2A359}.Release|x64.Build.0 = Release|x64
		{34ED87B7-58D7-4F66-B405-60D652F2A359}.Release|x86.ActiveCfg = Release|x86
		{34ED87B7-58D7-4F66-B405-60D652F2A359}.Release|x86.Build.0 = Release|x86
		{5255F65B-E795-4F03-AA18-DEBD3CA167F0}.Debug|Any CPU.ActiveCfg = Debug|Any CPU
		{5255F65B-E795-4F03-AA18-DEBD3CA167F0}.Debug|Any CPU.Build.0 = Debug|Any CPU
		{5255F65B-E795-4F03-AA18-DEBD3CA167F0}.Debug|Mixed Platforms.ActiveCfg = Debug|Any CPU
		{5255F65B-E795-4F03-AA18-DEBD3CA167F0}.Debug|Mixed Platforms.Build.0 = Debug|Any CPU
		{5255F65B-E795-4F03-AA18-DEBD3CA167F0}.Debug|x64.ActiveCfg = Debug|x64
		{5255F65B-E795-4F03-AA18-DEBD3CA167F0}.Debug|x64.Build.0 = Debug|x64
		{5255F65B-E795-4F03-AA18-DEBD3CA167F0}.Debug|x86.ActiveCfg = Debug|x86
		{5255F65B-E795-4F03-AA18-DEBD3CA167F0}.Debug|x86.Build.0 = Debug|x86
		{5255F65B-E795-4F03-AA18-DEBD3CA167F0}.Release|Any CPU.ActiveCfg = Release|Any CPU
		{5255F65B-E795-4F03-AA18-DEBD3CA167F0}.Release|Any CPU.Build.0 = Release|Any CPU
		{5255F65B-E795-4F03-AA18-DEBD3CA167F0}.Release|Mixed Platforms.ActiveCfg = Release|Any CPU
		{5255F65B-E795-4F03-AA18-DEBD3CA167F0}.Release|Mixed Platforms.Build.0 = Release|Any CPU
		{5255F65B-E795-4F03-AA18-DEBD3CA167F0}.Release|x64.ActiveCfg = Release|x64
		{5255F65B-E795-4F03-AA18-DEBD3CA167F0}.Release|x64.Build.0 = Release|x64
		{5255F65B-E795-4F03-AA18-DEBD3CA167F0}.Release|x86.ActiveCfg = Release|x86
		{5255F65B-E795-4F03-AA18-DEBD3CA167F0}.Release|x86.Build.0 = Release|x86
		{7C35D102-DB13-4054-9AA3-5BF4DD5487FF}.Debug|Any CPU.ActiveCfg = Debug|Any CPU
		{7C35D102-DB13-4054-9AA3-5BF4DD5487FF}.Debug|Any CPU.Build.0 = Debug|Any CPU
		{7C35D102-DB13-4054-9AA3-5BF4DD5487FF}.Debug|Mixed Platforms.ActiveCfg = Debug|Any CPU
		{7C35D102-DB13-4054-9AA3-5BF4DD5487FF}.Debug|Mixed Platforms.Build.0 = Debug|Any CPU
		{7C35D102-DB13-4054-9AA3-5BF4DD5487FF}.Debug|x64.ActiveCfg = Debug|x64
		{7C35D102-DB13-4054-9AA3-5BF4DD5487FF}.Debug|x64.Build.0 = Debug|x64
		{7C35D102-DB13-4054-9AA3-5BF4DD5487FF}.Debug|x86.ActiveCfg = Debug|x86
		{7C35D102-DB13-4054-9AA3-5BF4DD5487FF}.Debug|x86.Build.0 = Debug|x86
		{7C35D102-DB13-4054-9AA3-5BF4DD5487FF}.Release|Any CPU.ActiveCfg = Release|Any CPU
		{7C35D102-DB13-4054-9AA3-5BF4DD5487FF}.Release|Any CPU.Build.0 = Release|Any CPU
		{7C35D102-DB13-4054-9AA3-5BF4DD5487FF}.Release|Mixed Platforms.ActiveCfg = Release|Any CPU
		{7C35D102-DB13-4054-9AA3-5BF4DD5487FF}.Release|Mixed Platforms.Build.0 = Release|Any CPU
		{7C35D102-DB13-4054-9AA3-5BF4DD5487FF}.Release|x64.ActiveCfg = Release|x64
		{7C35D102-DB13-4054-9AA3-5BF4DD5487FF}.Release|x64.Build.0 = Release|x64
		{7C35D102-DB13-4054-9AA3-5BF4DD5487FF}.Release|x86.ActiveCfg = Release|x86
		{7C35D102-DB13-4054-9AA3-5BF4DD5487FF}.Release|x86.Build.0 = Release|x86
		{53BA3350-154C-4980-B890-BF2F76A0CE14}.Debug|Any CPU.ActiveCfg = Debug|Any CPU
		{53BA3350-154C-4980-B890-BF2F76A0CE14}.Debug|Any CPU.Build.0 = Debug|Any CPU
		{53BA3350-154C-4980-B890-BF2F76A0CE14}.Debug|Mixed Platforms.ActiveCfg = Debug|Any CPU
		{53BA3350-154C-4980-B890-BF2F76A0CE14}.Debug|Mixed Platforms.Build.0 = Debug|Any CPU
		{53BA3350-154C-4980-B890-BF2F76A0CE14}.Debug|x64.ActiveCfg = Debug|x64
		{53BA3350-154C-4980-B890-BF2F76A0CE14}.Debug|x64.Build.0 = Debug|x64
		{53BA3350-154C-4980-B890-BF2F76A0CE14}.Debug|x86.ActiveCfg = Debug|x86
		{53BA3350-154C-4980-B890-BF2F76A0CE14}.Debug|x86.Build.0 = Debug|x86
		{53BA3350-154C-4980-B890-BF2F76A0CE14}.Release|Any CPU.ActiveCfg = Release|Any CPU
		{53BA3350-154C-4980-B890-BF2F76A0CE14}.Release|Any CPU.Build.0 = Release|Any CPU
		{53BA3350-154C-4980-B890-BF2F76A0CE14}.Release|Mixed Platforms.ActiveCfg = Release|Any CPU
		{53BA3350-154C-4980-B890-BF2F76A0CE14}.Release|Mixed Platforms.Build.0 = Release|Any CPU
		{53BA3350-154C-4980-B890-BF2F76A0CE14}.Release|x64.ActiveCfg = Release|x64
		{53BA3350-154C-4980-B890-BF2F76A0CE14}.Release|x64.Build.0 = Release|x64
		{53BA3350-154C-4980-B890-BF2F76A0CE14}.Release|x86.ActiveCfg = Release|x86
		{53BA3350-154C-4980-B890-BF2F76A0CE14}.Release|x86.Build.0 = Release|x86
		{C356450B-940A-4AE0-8FF3-51C57EEF52C4}.Debug|Any CPU.ActiveCfg = Debug|Any CPU
		{C356450B-940A-4AE0-8FF3-51C57EEF52C4}.Debug|Any CPU.Build.0 = Debug|Any CPU
		{C356450B-940A-4AE0-8FF3-51C57EEF52C4}.Debug|Mixed Platforms.ActiveCfg = Debug|Any CPU
		{C356450B-940A-4AE0-8FF3-51C57EEF52C4}.Debug|Mixed Platforms.Build.0 = Debug|Any CPU
		{C356450B-940A-4AE0-8FF3-51C57EEF52C4}.Debug|x64.ActiveCfg = Debug|x64
		{C356450B-940A-4AE0-8FF3-51C57EEF52C4}.Debug|x64.Build.0 = Debug|x64
		{C356450B-940A-4AE0-8FF3-51C57EEF52C4}.Debug|x86.ActiveCfg = Debug|x86
		{C356450B-940A-4AE0-8FF3-51C57EEF52C4}.Debug|x86.Build.0 = Debug|x86
		{C356450B-940A-4AE0-8FF3-51C57EEF52C4}.Release|Any CPU.ActiveCfg = Release|Any CPU
		{C356450B-940A-4AE0-8FF3-51C57EEF52C4}.Release|Any CPU.Build.0 = Release|Any CPU
		{C356450B-940A-4AE0-8FF3-51C57EEF52C4}.Release|Mixed Platforms.ActiveCfg = Release|Any CPU
		{C356450B-940A-4AE0-8FF3-51C57EEF52C4}.Release|Mixed Platforms.Build.0 = Release|Any CPU
		{C356450B-940A-4AE0-8FF3-51C57EEF52C4}.Release|x64.ActiveCfg = Release|x64
		{C356450B-940A-4AE0-8FF3-51C57EEF52C4}.Release|x64.Build.0 = Release|x64
		{C356450B-940A-4AE0-8FF3-51C57EEF52C4}.Release|x86.ActiveCfg = Release|x86
		{C356450B-940A-4AE0-8FF3-51C57EEF52C4}.Release|x86.Build.0 = Release|x86
		{F0C0E701-A9CA-45D6-BEFF-B36CAEE4F14D}.Debug|Any CPU.ActiveCfg = Debug|Any CPU
		{F0C0E701-A9CA-45D6-BEFF-B36CAEE4F14D}.Debug|Any CPU.Build.0 = Debug|Any CPU
		{F0C0E701-A9CA-45D6-BEFF-B36CAEE4F14D}.Debug|Mixed Platforms.ActiveCfg = Debug|Any CPU
		{F0C0E701-A9CA-45D6-BEFF-B36CAEE4F14D}.Debug|Mixed Platforms.Build.0 = Debug|Any CPU
		{F0C0E701-A9CA-45D6-BEFF-B36CAEE4F14D}.Debug|x64.ActiveCfg = Debug|x64
		{F0C0E701-A9CA-45D6-BEFF-B36CAEE4F14D}.Debug|x64.Build.0 = Debug|x64
		{F0C0E701-A9CA-45D6-BEFF-B36CAEE4F14D}.Debug|x86.ActiveCfg = Debug|x86
		{F0C0E701-A9CA-45D6-BEFF-B36CAEE4F14D}.Debug|x86.Build.0 = Debug|x86
		{F0C0E701-A9CA-45D6-BEFF-B36CAEE4F14D}.Release|Any CPU.ActiveCfg = Release|Any CPU
		{F0C0E701-A9CA-45D6-BEFF-B36CAEE4F14D}.Release|Any CPU.Build.0 = Release|Any CPU
		{F0C0E701-A9CA-45D6-BEFF-B36CAEE4F14D}.Release|Mixed Platforms.ActiveCfg = Release|Any CPU
		{F0C0E701-A9CA-45D6-BEFF-B36CAEE4F14D}.Release|Mixed Platforms.Build.0 = Release|Any CPU
		{F0C0E701-A9CA-45D6-BEFF-B36CAEE4F14D}.Release|x64.ActiveCfg = Release|x64
		{F0C0E701-A9CA-45D6-BEFF-B36CAEE4F14D}.Release|x64.Build.0 = Release|x64
		{F0C0E701-A9CA-45D6-BEFF-B36CAEE4F14D}.Release|x86.ActiveCfg = Release|x86
		{F0C0E701-A9CA-45D6-BEFF-B36CAEE4F14D}.Release|x86.Build.0 = Release|x86
		{72C37631-FBE4-42F4-A796-678861B0F698}.Debug|Any CPU.ActiveCfg = Debug|Any CPU
		{72C37631-FBE4-42F4-A796-678861B0F698}.Debug|Any CPU.Build.0 = Debug|Any CPU
		{72C37631-FBE4-42F4-A796-678861B0F698}.Debug|Mixed Platforms.ActiveCfg = Debug|Any CPU
		{72C37631-FBE4-42F4-A796-678861B0F698}.Debug|Mixed Platforms.Build.0 = Debug|Any CPU
		{72C37631-FBE4-42F4-A796-678861B0F698}.Debug|x64.ActiveCfg = Debug|x64
		{72C37631-FBE4-42F4-A796-678861B0F698}.Debug|x64.Build.0 = Debug|x64
		{72C37631-FBE4-42F4-A796-678861B0F698}.Debug|x86.ActiveCfg = Debug|x86
		{72C37631-FBE4-42F4-A796-678861B0F698}.Debug|x86.Build.0 = Debug|x86
		{72C37631-FBE4-42F4-A796-678861B0F698}.Release|Any CPU.ActiveCfg = Release|Any CPU
		{72C37631-FBE4-42F4-A796-678861B0F698}.Release|Any CPU.Build.0 = Release|Any CPU
		{72C37631-FBE4-42F4-A796-678861B0F698}.Release|Mixed Platforms.ActiveCfg = Release|Any CPU
		{72C37631-FBE4-42F4-A796-678861B0F698}.Release|Mixed Platforms.Build.0 = Release|Any CPU
		{72C37631-FBE4-42F4-A796-678861B0F698}.Release|x64.ActiveCfg = Release|x64
		{72C37631-FBE4-42F4-A796-678861B0F698}.Release|x64.Build.0 = Release|x64
		{72C37631-FBE4-42F4-A796-678861B0F698}.Release|x86.ActiveCfg = Release|x86
		{72C37631-FBE4-42F4-A796-678861B0F698}.Release|x86.Build.0 = Release|x86
		{F1E2EA2D-050E-47D1-B687-6ABA20CBBF07}.Debug|Any CPU.ActiveCfg = Debug|Any CPU
		{F1E2EA2D-050E-47D1-B687-6ABA20CBBF07}.Debug|Any CPU.Build.0 = Debug|Any CPU
		{F1E2EA2D-050E-47D1-B687-6ABA20CBBF07}.Debug|Mixed Platforms.ActiveCfg = Debug|Any CPU
		{F1E2EA2D-050E-47D1-B687-6ABA20CBBF07}.Debug|Mixed Platforms.Build.0 = Debug|Any CPU
		{F1E2EA2D-050E-47D1-B687-6ABA20CBBF07}.Debug|x64.ActiveCfg = Debug|x64
		{F1E2EA2D-050E-47D1-B687-6ABA20CBBF07}.Debug|x64.Build.0 = Debug|x64
		{F1E2EA2D-050E-47D1-B687-6ABA20CBBF07}.Debug|x86.ActiveCfg = Debug|x86
		{F1E2EA2D-050E-47D1-B687-6ABA20CBBF07}.Debug|x86.Build.0 = Debug|x86
		{F1E2EA2D-050E-47D1-B687-6ABA20CBBF07}.Release|Any CPU.ActiveCfg = Release|Any CPU
		{F1E2EA2D-050E-47D1-B687-6ABA20CBBF07}.Release|Any CPU.Build.0 = Release|Any CPU
		{F1E2EA2D-050E-47D1-B687-6ABA20CBBF07}.Release|Mixed Platforms.ActiveCfg = Release|x86
		{F1E2EA2D-050E-47D1-B687-6ABA20CBBF07}.Release|Mixed Platforms.Build.0 = Release|x86
		{F1E2EA2D-050E-47D1-B687-6ABA20CBBF07}.Release|x64.ActiveCfg = Release|x64
		{F1E2EA2D-050E-47D1-B687-6ABA20CBBF07}.Release|x86.ActiveCfg = Release|x86
		{F1E2EA2D-050E-47D1-B687-6ABA20CBBF07}.Release|x86.Build.0 = Release|x86
		{AF25A1A8-FA9A-4C50-AAB6-ABEEC9A9DB8B}.Debug|Any CPU.ActiveCfg = Debug|Any CPU
		{AF25A1A8-FA9A-4C50-AAB6-ABEEC9A9DB8B}.Debug|Any CPU.Build.0 = Debug|Any CPU
		{AF25A1A8-FA9A-4C50-AAB6-ABEEC9A9DB8B}.Debug|Mixed Platforms.ActiveCfg = Debug|Any CPU
		{AF25A1A8-FA9A-4C50-AAB6-ABEEC9A9DB8B}.Debug|Mixed Platforms.Build.0 = Debug|Any CPU
		{AF25A1A8-FA9A-4C50-AAB6-ABEEC9A9DB8B}.Debug|x64.ActiveCfg = Debug|x64
		{AF25A1A8-FA9A-4C50-AAB6-ABEEC9A9DB8B}.Debug|x64.Build.0 = Debug|x64
		{AF25A1A8-FA9A-4C50-AAB6-ABEEC9A9DB8B}.Debug|x86.ActiveCfg = Debug|x86
		{AF25A1A8-FA9A-4C50-AAB6-ABEEC9A9DB8B}.Debug|x86.Build.0 = Debug|x86
		{AF25A1A8-FA9A-4C50-AAB6-ABEEC9A9DB8B}.Release|Any CPU.ActiveCfg = Release|Any CPU
		{AF25A1A8-FA9A-4C50-AAB6-ABEEC9A9DB8B}.Release|Any CPU.Build.0 = Release|Any CPU
		{AF25A1A8-FA9A-4C50-AAB6-ABEEC9A9DB8B}.Release|Mixed Platforms.ActiveCfg = Release|Any CPU
		{AF25A1A8-FA9A-4C50-AAB6-ABEEC9A9DB8B}.Release|Mixed Platforms.Build.0 = Release|Any CPU
		{AF25A1A8-FA9A-4C50-AAB6-ABEEC9A9DB8B}.Release|x64.ActiveCfg = Release|x64
		{AF25A1A8-FA9A-4C50-AAB6-ABEEC9A9DB8B}.Release|x64.Build.0 = Release|x64
		{AF25A1A8-FA9A-4C50-AAB6-ABEEC9A9DB8B}.Release|x86.ActiveCfg = Release|x86
		{AF25A1A8-FA9A-4C50-AAB6-ABEEC9A9DB8B}.Release|x86.Build.0 = Release|x86
		{6D6D57AA-8D16-4B80-A32D-9D339A6B8093}.Debug|Any CPU.ActiveCfg = Debug|Any CPU
		{6D6D57AA-8D16-4B80-A32D-9D339A6B8093}.Debug|Any CPU.Build.0 = Debug|Any CPU
		{6D6D57AA-8D16-4B80-A32D-9D339A6B8093}.Debug|Mixed Platforms.ActiveCfg = Debug|Any CPU
		{6D6D57AA-8D16-4B80-A32D-9D339A6B8093}.Debug|Mixed Platforms.Build.0 = Debug|Any CPU
		{6D6D57AA-8D16-4B80-A32D-9D339A6B8093}.Debug|x64.ActiveCfg = Debug|x64
		{6D6D57AA-8D16-4B80-A32D-9D339A6B8093}.Debug|x64.Build.0 = Debug|x64
		{6D6D57AA-8D16-4B80-A32D-9D339A6B8093}.Debug|x86.ActiveCfg = Debug|x86
		{6D6D57AA-8D16-4B80-A32D-9D339A6B8093}.Debug|x86.Build.0 = Debug|x86
		{6D6D57AA-8D16-4B80-A32D-9D339A6B8093}.Release|Any CPU.ActiveCfg = Release|Any CPU
		{6D6D57AA-8D16-4B80-A32D-9D339A6B8093}.Release|Any CPU.Build.0 = Release|Any CPU
		{6D6D57AA-8D16-4B80-A32D-9D339A6B8093}.Release|Mixed Platforms.ActiveCfg = Release|x86
		{6D6D57AA-8D16-4B80-A32D-9D339A6B8093}.Release|Mixed Platforms.Build.0 = Release|x86
		{6D6D57AA-8D16-4B80-A32D-9D339A6B8093}.Release|x64.ActiveCfg = Release|x64
		{6D6D57AA-8D16-4B80-A32D-9D339A6B8093}.Release|x64.Build.0 = Release|x64
		{6D6D57AA-8D16-4B80-A32D-9D339A6B8093}.Release|x86.ActiveCfg = Release|x86
		{6D6D57AA-8D16-4B80-A32D-9D339A6B8093}.Release|x86.Build.0 = Release|x86
		{4CB83868-C23F-4C99-91DB-91F40E2199A7}.Debug|Any CPU.ActiveCfg = Debug|Any CPU
		{4CB83868-C23F-4C99-91DB-91F40E2199A7}.Debug|Any CPU.Build.0 = Debug|Any CPU
		{4CB83868-C23F-4C99-91DB-91F40E2199A7}.Debug|Mixed Platforms.ActiveCfg = Debug|Any CPU
		{4CB83868-C23F-4C99-91DB-91F40E2199A7}.Debug|Mixed Platforms.Build.0 = Debug|Any CPU
		{4CB83868-C23F-4C99-91DB-91F40E2199A7}.Debug|x64.ActiveCfg = Debug|x64
		{4CB83868-C23F-4C99-91DB-91F40E2199A7}.Debug|x64.Build.0 = Debug|x64
		{4CB83868-C23F-4C99-91DB-91F40E2199A7}.Debug|x86.ActiveCfg = Debug|x86
		{4CB83868-C23F-4C99-91DB-91F40E2199A7}.Debug|x86.Build.0 = Debug|x86
		{4CB83868-C23F-4C99-91DB-91F40E2199A7}.Release|Any CPU.ActiveCfg = Release|Any CPU
		{4CB83868-C23F-4C99-91DB-91F40E2199A7}.Release|Any CPU.Build.0 = Release|Any CPU
		{4CB83868-C23F-4C99-91DB-91F40E2199A7}.Release|Mixed Platforms.ActiveCfg = Release|x86
		{4CB83868-C23F-4C99-91DB-91F40E2199A7}.Release|Mixed Platforms.Build.0 = Release|x86
		{4CB83868-C23F-4C99-91DB-91F40E2199A7}.Release|x64.ActiveCfg = Release|x64
		{4CB83868-C23F-4C99-91DB-91F40E2199A7}.Release|x64.Build.0 = Release|x64
		{4CB83868-C23F-4C99-91DB-91F40E2199A7}.Release|x86.ActiveCfg = Release|x86
		{4CB83868-C23F-4C99-91DB-91F40E2199A7}.Release|x86.Build.0 = Release|x86
		{796D84DA-6807-4B96-AF98-F8DCDB64353F}.Debug|Any CPU.ActiveCfg = Debug|Any CPU
		{796D84DA-6807-4B96-AF98-F8DCDB64353F}.Debug|Any CPU.Build.0 = Debug|Any CPU
		{796D84DA-6807-4B96-AF98-F8DCDB64353F}.Debug|Mixed Platforms.ActiveCfg = Debug|Any CPU
		{796D84DA-6807-4B96-AF98-F8DCDB64353F}.Debug|Mixed Platforms.Build.0 = Debug|Any CPU
		{796D84DA-6807-4B96-AF98-F8DCDB64353F}.Debug|x64.ActiveCfg = Debug|x64
		{796D84DA-6807-4B96-AF98-F8DCDB64353F}.Debug|x64.Build.0 = Debug|x64
		{796D84DA-6807-4B96-AF98-F8DCDB64353F}.Debug|x86.ActiveCfg = Debug|x86
		{796D84DA-6807-4B96-AF98-F8DCDB64353F}.Debug|x86.Build.0 = Debug|x86
		{796D84DA-6807-4B96-AF98-F8DCDB64353F}.Release|Any CPU.ActiveCfg = Release|Any CPU
		{796D84DA-6807-4B96-AF98-F8DCDB64353F}.Release|Any CPU.Build.0 = Release|Any CPU
		{796D84DA-6807-4B96-AF98-F8DCDB64353F}.Release|Mixed Platforms.ActiveCfg = Release|x86
		{796D84DA-6807-4B96-AF98-F8DCDB64353F}.Release|Mixed Platforms.Build.0 = Release|x86
		{796D84DA-6807-4B96-AF98-F8DCDB64353F}.Release|x64.ActiveCfg = Release|x64
		{796D84DA-6807-4B96-AF98-F8DCDB64353F}.Release|x64.Build.0 = Release|x64
		{796D84DA-6807-4B96-AF98-F8DCDB64353F}.Release|x86.ActiveCfg = Release|x86
		{796D84DA-6807-4B96-AF98-F8DCDB64353F}.Release|x86.Build.0 = Release|x86
		{DCCBA6AC-2AB9-4FCB-87E6-7B9C4B610DD7}.Debug|Any CPU.ActiveCfg = Debug|Any CPU
		{DCCBA6AC-2AB9-4FCB-87E6-7B9C4B610DD7}.Debug|Any CPU.Build.0 = Debug|Any CPU
		{DCCBA6AC-2AB9-4FCB-87E6-7B9C4B610DD7}.Debug|Mixed Platforms.ActiveCfg = Debug|Any CPU
		{DCCBA6AC-2AB9-4FCB-87E6-7B9C4B610DD7}.Debug|Mixed Platforms.Build.0 = Debug|Any CPU
		{DCCBA6AC-2AB9-4FCB-87E6-7B9C4B610DD7}.Debug|x64.ActiveCfg = Debug|Any CPU
		{DCCBA6AC-2AB9-4FCB-87E6-7B9C4B610DD7}.Debug|x64.Build.0 = Debug|Any CPU
		{DCCBA6AC-2AB9-4FCB-87E6-7B9C4B610DD7}.Debug|x86.ActiveCfg = Debug|x86
		{DCCBA6AC-2AB9-4FCB-87E6-7B9C4B610DD7}.Debug|x86.Build.0 = Debug|x86
		{DCCBA6AC-2AB9-4FCB-87E6-7B9C4B610DD7}.Release|Any CPU.ActiveCfg = Release|Any CPU
		{DCCBA6AC-2AB9-4FCB-87E6-7B9C4B610DD7}.Release|Any CPU.Build.0 = Release|Any CPU
		{DCCBA6AC-2AB9-4FCB-87E6-7B9C4B610DD7}.Release|Mixed Platforms.ActiveCfg = Release|Any CPU
		{DCCBA6AC-2AB9-4FCB-87E6-7B9C4B610DD7}.Release|Mixed Platforms.Build.0 = Release|Any CPU
		{DCCBA6AC-2AB9-4FCB-87E6-7B9C4B610DD7}.Release|x64.ActiveCfg = Release|Any CPU
		{DCCBA6AC-2AB9-4FCB-87E6-7B9C4B610DD7}.Release|x64.Build.0 = Release|Any CPU
		{DCCBA6AC-2AB9-4FCB-87E6-7B9C4B610DD7}.Release|x86.ActiveCfg = Release|Any CPU
		{DCCBA6AC-2AB9-4FCB-87E6-7B9C4B610DD7}.Release|x86.Build.0 = Release|Any CPU
	EndGlobalSection
	GlobalSection(SolutionProperties) = preSolution
		HideSolutionNode = FALSE
	EndGlobalSection
	GlobalSection(ExtensibilityGlobals) = postSolution
		SolutionGuid = {8C1649C9-F7BC-4518-AC6A-9419835B8452}
	EndGlobalSection
EndGlobal
